// !$*UTF8*$!
{
	archiveVersion = 1;
	classes = {
	};
	objectVersion = 50;
	objects = {

/* Begin PBXBuildFile section */
		FE2778C721EB1E1200E3D1E2 /* DateExtension.swift in Sources */ = {isa = PBXBuildFile; fileRef = FE2778C621EB1E1200E3D1E2 /* DateExtension.swift */; };
		FE2778ED21EC09C900E3D1E2 /* CBLDatabase.swift in Sources */ = {isa = PBXBuildFile; fileRef = FE2778EC21EC09C900E3D1E2 /* CBLDatabase.swift */; };
		FE2778F321EC1F5500E3D1E2 /* PathTrieTests.swift in Sources */ = {isa = PBXBuildFile; fileRef = FE2778F221EC1F5500E3D1E2 /* PathTrieTests.swift */; };
		FE2778F521EC7E9100E3D1E2 /* PolarisUIViewController.swift in Sources */ = {isa = PBXBuildFile; fileRef = FE2778F421EC7E9100E3D1E2 /* PolarisUIViewController.swift */; };
		FE27792221EEBF0D00E3D1E2 /* CouchbaseLiteSwift.framework in Frameworks */ = {isa = PBXBuildFile; fileRef = FE6C9EFD21DF022B00401BE6 /* CouchbaseLiteSwift.framework */; };
		FE27793921EF524600E3D1E2 /* PathRouter.swift in Sources */ = {isa = PBXBuildFile; fileRef = FE27793821EF524600E3D1E2 /* PathRouter.swift */; };
		FE27793B21EF56B200E3D1E2 /* PathRouterTests.swift in Sources */ = {isa = PBXBuildFile; fileRef = FE27793A21EF56B200E3D1E2 /* PathRouterTests.swift */; };
		FE27794021F047B900E3D1E2 /* CouchbaseLiteSwift.framework in Copy Files (2 items) */ = {isa = PBXBuildFile; fileRef = FE6C9EFD21DF022B00401BE6 /* CouchbaseLiteSwift.framework */; settings = {ATTRIBUTES = (CodeSignOnCopy, RemoveHeadersOnCopy, ); }; };
		FE27794421F1745500E3D1E2 /* PolarisAppDelegate.swift in Sources */ = {isa = PBXBuildFile; fileRef = FE27794321F1745500E3D1E2 /* PolarisAppDelegate.swift */; };
		FE27794821F174DA00E3D1E2 /* Global.swift in Sources */ = {isa = PBXBuildFile; fileRef = FE27794721F174DA00E3D1E2 /* Global.swift */; };
		FE27797221F2CCC900E3D1E2 /* PolarisUIView.swift in Sources */ = {isa = PBXBuildFile; fileRef = FE27797121F2CCC900E3D1E2 /* PolarisUIView.swift */; };
		FE27797F21F6F55D00E3D1E2 /* PresentAnimationController.swift in Sources */ = {isa = PBXBuildFile; fileRef = FE27797E21F6F55D00E3D1E2 /* PresentAnimationController.swift */; };
		FE6C9F8021DF413800401BE6 /* PolarisFramework.h in Headers */ = {isa = PBXBuildFile; fileRef = FE6C9F7E21DF413800401BE6 /* PolarisFramework.h */; settings = {ATTRIBUTES = (Public, ); }; };
		FE6C9F8421DF414100401BE6 /* DatabaseHelper.swift in Sources */ = {isa = PBXBuildFile; fileRef = FE6C9EFE21DF022B00401BE6 /* DatabaseHelper.swift */; };
		FE6C9F8521DF414100401BE6 /* StringExtension.swift in Sources */ = {isa = PBXBuildFile; fileRef = FE6C9F1321DF370200401BE6 /* StringExtension.swift */; };
		FE6C9F8621DF414100401BE6 /* Reflection.swift in Sources */ = {isa = PBXBuildFile; fileRef = FE6C9F1521DF373100401BE6 /* Reflection.swift */; };
		FE6C9F8721DF414100401BE6 /* Errors.swift in Sources */ = {isa = PBXBuildFile; fileRef = FE6C9F1121DF05D200401BE6 /* Errors.swift */; };
		FE6C9F9721DF418700401BE6 /* ReflectionTests.swift in Sources */ = {isa = PBXBuildFile; fileRef = FE6C9F2621DF385A00401BE6 /* ReflectionTests.swift */; };
		FE6C9FA621E1984900401BE6 /* PolarisFramework.framework in Copy Files (2 items) */ = {isa = PBXBuildFile; fileRef = FE6C9F7C21DF413800401BE6 /* PolarisFramework.framework */; settings = {ATTRIBUTES = (CodeSignOnCopy, RemoveHeadersOnCopy, ); }; };
		FE6C9FA821E1AE9300401BE6 /* DatabaseHelperTests.swift in Sources */ = {isa = PBXBuildFile; fileRef = FE6C9FA721E1AE9300401BE6 /* DatabaseHelperTests.swift */; };
		FE6C9FAC21E470AF00401BE6 /* DatabaseObject.swift in Sources */ = {isa = PBXBuildFile; fileRef = FE6C9FAB21E470AF00401BE6 /* DatabaseObject.swift */; };
		FED3697521FBFBE200B4F2A8 /* DismissAnimationController.swift in Sources */ = {isa = PBXBuildFile; fileRef = FED3697421FBFBE200B4F2A8 /* DismissAnimationController.swift */; };
		FED3697A21FC1FB700B4F2A8 /* StellaTransition.swift in Sources */ = {isa = PBXBuildFile; fileRef = FED3697921FC1FB700B4F2A8 /* StellaTransition.swift */; };
		FED3697C21FC253B00B4F2A8 /* StellaAnimator.swift in Sources */ = {isa = PBXBuildFile; fileRef = FED3697B21FC253B00B4F2A8 /* StellaAnimator.swift */; };
		FED36989220128DC00B4F2A8 /* PolarisViewModel.swift in Sources */ = {isa = PBXBuildFile; fileRef = FED36988220128DC00B4F2A8 /* PolarisViewModel.swift */; };
		FED3699622013F5C00B4F2A8 /* Observable.swift in Sources */ = {isa = PBXBuildFile; fileRef = FED3699522013F5C00B4F2A8 /* Observable.swift */; };
		FED36998220140D000B4F2A8 /* Bindable.swift in Sources */ = {isa = PBXBuildFile; fileRef = FED36997220140D000B4F2A8 /* Bindable.swift */; };
		FED3699B2202895400B4F2A8 /* BlockSelector.swift in Sources */ = {isa = PBXBuildFile; fileRef = FED3699A2202895400B4F2A8 /* BlockSelector.swift */; };
		FED3699D220289C600B4F2A8 /* BlockSelector.m in Sources */ = {isa = PBXBuildFile; fileRef = FED3699C220289C600B4F2A8 /* BlockSelector.m */; };
		FED369A122028AE000B4F2A8 /* UIControls+Bindable.swift in Sources */ = {isa = PBXBuildFile; fileRef = FED369A022028AE000B4F2A8 /* UIControls+Bindable.swift */; };
		FED369A322028AFE00B4F2A8 /* NSObject+Observable.swift in Sources */ = {isa = PBXBuildFile; fileRef = FED369A222028AFE00B4F2A8 /* NSObject+Observable.swift */; };
		FED369A62202984600B4F2A8 /* BlockSelector.h in Headers */ = {isa = PBXBuildFile; fileRef = FED3699E220289F200B4F2A8 /* BlockSelector.h */; settings = {ATTRIBUTES = (Public, ); }; };
/* End PBXBuildFile section */

/* Begin PBXCopyFilesBuildPhase section */
		FE6C9FA321E197E200401BE6 /* CopyFiles */ = {
			isa = PBXCopyFilesBuildPhase;
			buildActionMask = 2147483647;
			dstPath = "";
			dstSubfolderSpec = 10;
			files = (
			);
			runOnlyForDeploymentPostprocessing = 0;
		};
		FE6C9FA521E1983600401BE6 /* Copy Files (2 items) */ = {
			isa = PBXCopyFilesBuildPhase;
			buildActionMask = 2147483647;
			dstPath = "";
			dstSubfolderSpec = 10;
			files = (
				FE27794021F047B900E3D1E2 /* CouchbaseLiteSwift.framework in Copy Files (2 items) */,
				FE6C9FA621E1984900401BE6 /* PolarisFramework.framework in Copy Files (2 items) */,
			);
			name = "Copy Files (2 items)";
			runOnlyForDeploymentPostprocessing = 0;
		};
/* End PBXCopyFilesBuildPhase section */

/* Begin PBXFileReference section */
		FE2778C621EB1E1200E3D1E2 /* DateExtension.swift */ = {isa = PBXFileReference; lastKnownFileType = sourcecode.swift; path = DateExtension.swift; sourceTree = "<group>"; };
		FE2778EC21EC09C900E3D1E2 /* CBLDatabase.swift */ = {isa = PBXFileReference; lastKnownFileType = sourcecode.swift; path = CBLDatabase.swift; sourceTree = "<group>"; };
		FE2778F221EC1F5500E3D1E2 /* PathTrieTests.swift */ = {isa = PBXFileReference; lastKnownFileType = sourcecode.swift; path = PathTrieTests.swift; sourceTree = "<group>"; };
		FE2778F421EC7E9100E3D1E2 /* PolarisUIViewController.swift */ = {isa = PBXFileReference; fileEncoding = 4; lastKnownFileType = sourcecode.swift; path = PolarisUIViewController.swift; sourceTree = "<group>"; };
		FE27791921EEBC1400E3D1E2 /* CouchbaseLiteSwift.framework */ = {isa = PBXFileReference; lastKnownFileType = wrapper.framework; name = CouchbaseLiteSwift.framework; path = "../../../Downloads/couchbase-lite-swift_community_2.1.3/iOS/CouchbaseLiteSwift.framework"; sourceTree = "<group>"; };
		FE27793821EF524600E3D1E2 /* PathRouter.swift */ = {isa = PBXFileReference; fileEncoding = 4; lastKnownFileType = sourcecode.swift; path = PathRouter.swift; sourceTree = "<group>"; };
		FE27793A21EF56B200E3D1E2 /* PathRouterTests.swift */ = {isa = PBXFileReference; fileEncoding = 4; lastKnownFileType = sourcecode.swift; path = PathRouterTests.swift; sourceTree = "<group>"; };
		FE27794321F1745500E3D1E2 /* PolarisAppDelegate.swift */ = {isa = PBXFileReference; lastKnownFileType = sourcecode.swift; path = PolarisAppDelegate.swift; sourceTree = "<group>"; };
		FE27794721F174DA00E3D1E2 /* Global.swift */ = {isa = PBXFileReference; lastKnownFileType = sourcecode.swift; path = Global.swift; sourceTree = "<group>"; };
		FE27797121F2CCC900E3D1E2 /* PolarisUIView.swift */ = {isa = PBXFileReference; lastKnownFileType = sourcecode.swift; path = PolarisUIView.swift; sourceTree = "<group>"; };
		FE27797E21F6F55D00E3D1E2 /* PresentAnimationController.swift */ = {isa = PBXFileReference; lastKnownFileType = sourcecode.swift; path = PresentAnimationController.swift; sourceTree = "<group>"; };
		FE6C9EFD21DF022B00401BE6 /* CouchbaseLiteSwift.framework */ = {isa = PBXFileReference; lastKnownFileType = wrapper.framework; path = CouchbaseLiteSwift.framework; sourceTree = "<group>"; };
		FE6C9EFE21DF022B00401BE6 /* DatabaseHelper.swift */ = {isa = PBXFileReference; fileEncoding = 4; lastKnownFileType = sourcecode.swift; path = DatabaseHelper.swift; sourceTree = "<group>"; };
		FE6C9F1121DF05D200401BE6 /* Errors.swift */ = {isa = PBXFileReference; lastKnownFileType = sourcecode.swift; path = Errors.swift; sourceTree = "<group>"; };
		FE6C9F1321DF370200401BE6 /* StringExtension.swift */ = {isa = PBXFileReference; lastKnownFileType = sourcecode.swift; path = StringExtension.swift; sourceTree = "<group>"; };
		FE6C9F1521DF373100401BE6 /* Reflection.swift */ = {isa = PBXFileReference; lastKnownFileType = sourcecode.swift; path = Reflection.swift; sourceTree = "<group>"; };
		FE6C9F2621DF385A00401BE6 /* ReflectionTests.swift */ = {isa = PBXFileReference; lastKnownFileType = sourcecode.swift; path = ReflectionTests.swift; sourceTree = "<group>"; };
		FE6C9F7C21DF413800401BE6 /* PolarisFramework.framework */ = {isa = PBXFileReference; explicitFileType = wrapper.framework; includeInIndex = 0; path = PolarisFramework.framework; sourceTree = BUILT_PRODUCTS_DIR; };
		FE6C9F7E21DF413800401BE6 /* PolarisFramework.h */ = {isa = PBXFileReference; lastKnownFileType = sourcecode.c.h; path = PolarisFramework.h; sourceTree = "<group>"; };
		FE6C9F7F21DF413800401BE6 /* Info.plist */ = {isa = PBXFileReference; lastKnownFileType = text.plist.xml; path = Info.plist; sourceTree = "<group>"; };
		FE6C9F8C21DF416F00401BE6 /* PolarisFrameworkTests.xctest */ = {isa = PBXFileReference; explicitFileType = wrapper.cfbundle; includeInIndex = 0; path = PolarisFrameworkTests.xctest; sourceTree = BUILT_PRODUCTS_DIR; };
		FE6C9F9021DF416F00401BE6 /* Info.plist */ = {isa = PBXFileReference; lastKnownFileType = text.plist.xml; path = Info.plist; sourceTree = "<group>"; };
		FE6C9FA721E1AE9300401BE6 /* DatabaseHelperTests.swift */ = {isa = PBXFileReference; lastKnownFileType = sourcecode.swift; path = DatabaseHelperTests.swift; sourceTree = "<group>"; };
		FE6C9FAB21E470AF00401BE6 /* DatabaseObject.swift */ = {isa = PBXFileReference; lastKnownFileType = sourcecode.swift; path = DatabaseObject.swift; sourceTree = "<group>"; };
		FED3697421FBFBE200B4F2A8 /* DismissAnimationController.swift */ = {isa = PBXFileReference; lastKnownFileType = sourcecode.swift; path = DismissAnimationController.swift; sourceTree = "<group>"; };
		FED3697921FC1FB700B4F2A8 /* StellaTransition.swift */ = {isa = PBXFileReference; lastKnownFileType = sourcecode.swift; path = StellaTransition.swift; sourceTree = "<group>"; };
		FED3697B21FC253B00B4F2A8 /* StellaAnimator.swift */ = {isa = PBXFileReference; lastKnownFileType = sourcecode.swift; path = StellaAnimator.swift; sourceTree = "<group>"; };
		FED36988220128DC00B4F2A8 /* PolarisViewModel.swift */ = {isa = PBXFileReference; lastKnownFileType = sourcecode.swift; path = PolarisViewModel.swift; sourceTree = "<group>"; };
		FED3699522013F5C00B4F2A8 /* Observable.swift */ = {isa = PBXFileReference; lastKnownFileType = sourcecode.swift; path = Observable.swift; sourceTree = "<group>"; };
		FED36997220140D000B4F2A8 /* Bindable.swift */ = {isa = PBXFileReference; lastKnownFileType = sourcecode.swift; path = Bindable.swift; sourceTree = "<group>"; };
		FED3699A2202895400B4F2A8 /* BlockSelector.swift */ = {isa = PBXFileReference; lastKnownFileType = sourcecode.swift; path = BlockSelector.swift; sourceTree = "<group>"; };
		FED3699C220289C600B4F2A8 /* BlockSelector.m */ = {isa = PBXFileReference; lastKnownFileType = sourcecode.c.objc; path = BlockSelector.m; sourceTree = "<group>"; };
		FED3699E220289F200B4F2A8 /* BlockSelector.h */ = {isa = PBXFileReference; lastKnownFileType = sourcecode.c.h; path = BlockSelector.h; sourceTree = "<group>"; };
		FED369A022028AE000B4F2A8 /* UIControls+Bindable.swift */ = {isa = PBXFileReference; lastKnownFileType = sourcecode.swift; path = "UIControls+Bindable.swift"; sourceTree = "<group>"; };
		FED369A222028AFE00B4F2A8 /* NSObject+Observable.swift */ = {isa = PBXFileReference; lastKnownFileType = sourcecode.swift; path = "NSObject+Observable.swift"; sourceTree = "<group>"; };
/* End PBXFileReference section */

/* Begin PBXFrameworksBuildPhase section */
		FE6C9F7921DF413800401BE6 /* Frameworks */ = {
			isa = PBXFrameworksBuildPhase;
			buildActionMask = 2147483647;
			files = (
				FE27792221EEBF0D00E3D1E2 /* CouchbaseLiteSwift.framework in Frameworks */,
			);
			runOnlyForDeploymentPostprocessing = 0;
		};
		FE6C9F8921DF416F00401BE6 /* Frameworks */ = {
			isa = PBXFrameworksBuildPhase;
			buildActionMask = 2147483647;
			files = (
			);
			runOnlyForDeploymentPostprocessing = 0;
		};
/* End PBXFrameworksBuildPhase section */

/* Begin PBXGroup section */
		FE6C9EE721DF01CE00401BE6 = {
			isa = PBXGroup;
			children = (
				FE6C9EFD21DF022B00401BE6 /* CouchbaseLiteSwift.framework */,
				FE6C9F7D21DF413800401BE6 /* PolarisFramework */,
				FE6C9F8D21DF416F00401BE6 /* PolarisFrameworkTests */,
				FE6C9EF221DF01CE00401BE6 /* Products */,
				FE6C9F9821DF422900401BE6 /* Frameworks */,
			);
			sourceTree = "<group>";
		};
		FE6C9EF221DF01CE00401BE6 /* Products */ = {
			isa = PBXGroup;
			children = (
				FE6C9F7C21DF413800401BE6 /* PolarisFramework.framework */,
				FE6C9F8C21DF416F00401BE6 /* PolarisFrameworkTests.xctest */,
			);
			name = Products;
			sourceTree = "<group>";
		};
		FE6C9F7D21DF413800401BE6 /* PolarisFramework */ = {
			isa = PBXGroup;
			children = (
				FED369A72203D3AE00B4F2A8 /* UI */,
				FED3699F22028AA700B4F2A8 /* TwoWayBinding */,
				FED36987220128BF00B4F2A8 /* Base */,
				FED3697821FC011200B4F2A8 /* Transition */,
				FE27793821EF524600E3D1E2 /* PathRouter.swift */,
				FE6C9EFE21DF022B00401BE6 /* DatabaseHelper.swift */,
				FE2778EC21EC09C900E3D1E2 /* CBLDatabase.swift */,
				FE6C9F1121DF05D200401BE6 /* Errors.swift */,
				FE6C9F1321DF370200401BE6 /* StringExtension.swift */,
				FE6C9F1521DF373100401BE6 /* Reflection.swift */,
				FE6C9F7E21DF413800401BE6 /* PolarisFramework.h */,
				FE6C9F7F21DF413800401BE6 /* Info.plist */,
				FE6C9FAB21E470AF00401BE6 /* DatabaseObject.swift */,
				FE2778C621EB1E1200E3D1E2 /* DateExtension.swift */,
				FE2778F421EC7E9100E3D1E2 /* PolarisUIViewController.swift */,
				FE27794321F1745500E3D1E2 /* PolarisAppDelegate.swift */,
				FE27794721F174DA00E3D1E2 /* Global.swift */,
				FE27797121F2CCC900E3D1E2 /* PolarisUIView.swift */,
			);
			path = PolarisFramework;
			sourceTree = "<group>";
		};
		FE6C9F8D21DF416F00401BE6 /* PolarisFrameworkTests */ = {
			isa = PBXGroup;
			children = (
				FE27793A21EF56B200E3D1E2 /* PathRouterTests.swift */,
				FE6C9F2621DF385A00401BE6 /* ReflectionTests.swift */,
				FE6C9F9021DF416F00401BE6 /* Info.plist */,
				FE6C9FA721E1AE9300401BE6 /* DatabaseHelperTests.swift */,
				FE2778F221EC1F5500E3D1E2 /* PathTrieTests.swift */,
			);
			path = PolarisFrameworkTests;
			sourceTree = "<group>";
		};
		FE6C9F9821DF422900401BE6 /* Frameworks */ = {
			isa = PBXGroup;
			children = (
				FE27791921EEBC1400E3D1E2 /* CouchbaseLiteSwift.framework */,
			);
			name = Frameworks;
			sourceTree = "<group>";
		};
		FED3697821FC011200B4F2A8 /* Transition */ = {
			isa = PBXGroup;
			children = (
				FE27797E21F6F55D00E3D1E2 /* PresentAnimationController.swift */,
				FED3697421FBFBE200B4F2A8 /* DismissAnimationController.swift */,
				FED3697921FC1FB700B4F2A8 /* StellaTransition.swift */,
				FED3697B21FC253B00B4F2A8 /* StellaAnimator.swift */,
			);
			path = Transition;
			sourceTree = "<group>";
		};
		FED36987220128BF00B4F2A8 /* Base */ = {
			isa = PBXGroup;
			children = (
				FED36988220128DC00B4F2A8 /* PolarisViewModel.swift */,
			);
			path = Base;
			sourceTree = "<group>";
		};
		FED369992202892900B4F2A8 /* BlockSelector */ = {
			isa = PBXGroup;
			children = (
				FED3699A2202895400B4F2A8 /* BlockSelector.swift */,
				FED3699C220289C600B4F2A8 /* BlockSelector.m */,
				FED3699E220289F200B4F2A8 /* BlockSelector.h */,
			);
			path = BlockSelector;
			sourceTree = "<group>";
		};
		FED3699F22028AA700B4F2A8 /* TwoWayBinding */ = {
			isa = PBXGroup;
			children = (
				FED369992202892900B4F2A8 /* BlockSelector */,
				FED3699522013F5C00B4F2A8 /* Observable.swift */,
				FED36997220140D000B4F2A8 /* Bindable.swift */,
				FED369A022028AE000B4F2A8 /* UIControls+Bindable.swift */,
				FED369A222028AFE00B4F2A8 /* NSObject+Observable.swift */,
			);
			path = TwoWayBinding;
			sourceTree = "<group>";
		};
		FED369A72203D3AE00B4F2A8 /* UI */ = {
			isa = PBXGroup;
			children = (
			);
			path = UI;
			sourceTree = "<group>";
		};
/* End PBXGroup section */

/* Begin PBXHeadersBuildPhase section */
		FE6C9F7721DF413800401BE6 /* Headers */ = {
			isa = PBXHeadersBuildPhase;
			buildActionMask = 2147483647;
			files = (
				FE6C9F8021DF413800401BE6 /* PolarisFramework.h in Headers */,
				FED369A62202984600B4F2A8 /* BlockSelector.h in Headers */,
			);
			runOnlyForDeploymentPostprocessing = 0;
		};
/* End PBXHeadersBuildPhase section */

/* Begin PBXNativeTarget section */
		FE6C9F7B21DF413800401BE6 /* PolarisFramework */ = {
			isa = PBXNativeTarget;
			buildConfigurationList = FE6C9F8121DF413800401BE6 /* Build configuration list for PBXNativeTarget "PolarisFramework" */;
			buildPhases = (
				FE6C9F7721DF413800401BE6 /* Headers */,
				FE6C9F7821DF413800401BE6 /* Sources */,
				FE6C9F7921DF413800401BE6 /* Frameworks */,
				FE6C9F7A21DF413800401BE6 /* Resources */,
				FE6C9FA321E197E200401BE6 /* CopyFiles */,
			);
			buildRules = (
			);
			dependencies = (
			);
			name = PolarisFramework;
			productName = PolarbearFramework;
			productReference = FE6C9F7C21DF413800401BE6 /* PolarisFramework.framework */;
			productType = "com.apple.product-type.framework";
		};
		FE6C9F8B21DF416F00401BE6 /* PolarisFrameworkTests */ = {
			isa = PBXNativeTarget;
			buildConfigurationList = FE6C9F9421DF416F00401BE6 /* Build configuration list for PBXNativeTarget "PolarisFrameworkTests" */;
			buildPhases = (
				FE6C9F8821DF416F00401BE6 /* Sources */,
				FE6C9F8921DF416F00401BE6 /* Frameworks */,
				FE6C9F8A21DF416F00401BE6 /* Resources */,
				FE6C9FA521E1983600401BE6 /* Copy Files (2 items) */,
			);
			buildRules = (
			);
			dependencies = (
			);
			name = PolarisFrameworkTests;
			productName = PolarbearFrameworkTests;
			productReference = FE6C9F8C21DF416F00401BE6 /* PolarisFrameworkTests.xctest */;
			productType = "com.apple.product-type.bundle.unit-test";
		};
/* End PBXNativeTarget section */

/* Begin PBXProject section */
		FE6C9EE821DF01CE00401BE6 /* Project object */ = {
			isa = PBXProject;
			attributes = {
				LastSwiftUpdateCheck = 1010;
				LastUpgradeCheck = 1010;
				ORGANIZATIONNAME = overtheleaves;
				TargetAttributes = {
					FE6C9F7B21DF413800401BE6 = {
						CreatedOnToolsVersion = 10.1;
						LastSwiftMigration = 1010;
					};
					FE6C9F8B21DF416F00401BE6 = {
						CreatedOnToolsVersion = 10.1;
					};
				};
			};
			buildConfigurationList = FE6C9EEB21DF01CE00401BE6 /* Build configuration list for PBXProject "PolarisFramework" */;
			compatibilityVersion = "Xcode 9.3";
			developmentRegion = en;
			hasScannedForEncodings = 0;
			knownRegions = (
				en,
				Base,
			);
			mainGroup = FE6C9EE721DF01CE00401BE6;
			productRefGroup = FE6C9EF221DF01CE00401BE6 /* Products */;
			projectDirPath = "";
			projectRoot = "";
			targets = (
				FE6C9F7B21DF413800401BE6 /* PolarisFramework */,
				FE6C9F8B21DF416F00401BE6 /* PolarisFrameworkTests */,
			);
		};
/* End PBXProject section */

/* Begin PBXResourcesBuildPhase section */
		FE6C9F7A21DF413800401BE6 /* Resources */ = {
			isa = PBXResourcesBuildPhase;
			buildActionMask = 2147483647;
			files = (
			);
			runOnlyForDeploymentPostprocessing = 0;
		};
		FE6C9F8A21DF416F00401BE6 /* Resources */ = {
			isa = PBXResourcesBuildPhase;
			buildActionMask = 2147483647;
			files = (
			);
			runOnlyForDeploymentPostprocessing = 0;
		};
/* End PBXResourcesBuildPhase section */

/* Begin PBXSourcesBuildPhase section */
		FE6C9F7821DF413800401BE6 /* Sources */ = {
			isa = PBXSourcesBuildPhase;
			buildActionMask = 2147483647;
			files = (
				FE6C9FAC21E470AF00401BE6 /* DatabaseObject.swift in Sources */,
				FE27797221F2CCC900E3D1E2 /* PolarisUIView.swift in Sources */,
				FED3699B2202895400B4F2A8 /* BlockSelector.swift in Sources */,
				FED36998220140D000B4F2A8 /* Bindable.swift in Sources */,
				FE2778C721EB1E1200E3D1E2 /* DateExtension.swift in Sources */,
				FE2778ED21EC09C900E3D1E2 /* CBLDatabase.swift in Sources */,
				FED3699622013F5C00B4F2A8 /* Observable.swift in Sources */,
				FED36989220128DC00B4F2A8 /* PolarisViewModel.swift in Sources */,
				FE6C9F8721DF414100401BE6 /* Errors.swift in Sources */,
				FE2778F521EC7E9100E3D1E2 /* PolarisUIViewController.swift in Sources */,
				FED3699D220289C600B4F2A8 /* BlockSelector.m in Sources */,
				FE6C9F8521DF414100401BE6 /* StringExtension.swift in Sources */,
				FE27794821F174DA00E3D1E2 /* Global.swift in Sources */,
				FE27793921EF524600E3D1E2 /* PathRouter.swift in Sources */,
				FED3697521FBFBE200B4F2A8 /* DismissAnimationController.swift in Sources */,
				FE27797F21F6F55D00E3D1E2 /* PresentAnimationController.swift in Sources */,
				FED369A322028AFE00B4F2A8 /* NSObject+Observable.swift in Sources */,
				FED369A122028AE000B4F2A8 /* UIControls+Bindable.swift in Sources */,
				FE6C9F8421DF414100401BE6 /* DatabaseHelper.swift in Sources */,
				FED3697A21FC1FB700B4F2A8 /* StellaTransition.swift in Sources */,
				FE6C9F8621DF414100401BE6 /* Reflection.swift in Sources */,
				FE27794421F1745500E3D1E2 /* PolarisAppDelegate.swift in Sources */,
				FED3697C21FC253B00B4F2A8 /* StellaAnimator.swift in Sources */,
			);
			runOnlyForDeploymentPostprocessing = 0;
		};
		FE6C9F8821DF416F00401BE6 /* Sources */ = {
			isa = PBXSourcesBuildPhase;
			buildActionMask = 2147483647;
			files = (
				FE6C9F9721DF418700401BE6 /* ReflectionTests.swift in Sources */,
				FE27793B21EF56B200E3D1E2 /* PathRouterTests.swift in Sources */,
				FE6C9FA821E1AE9300401BE6 /* DatabaseHelperTests.swift in Sources */,
				FE2778F321EC1F5500E3D1E2 /* PathTrieTests.swift in Sources */,
			);
			runOnlyForDeploymentPostprocessing = 0;
		};
/* End PBXSourcesBuildPhase section */

/* Begin XCBuildConfiguration section */
		FE6C9EF721DF01CE00401BE6 /* Debug */ = {
			isa = XCBuildConfiguration;
			buildSettings = {
				ALWAYS_SEARCH_USER_PATHS = NO;
				CLANG_ANALYZER_NONNULL = YES;
				CLANG_ANALYZER_NUMBER_OBJECT_CONVERSION = YES_AGGRESSIVE;
				CLANG_CXX_LANGUAGE_STANDARD = "gnu++14";
				CLANG_CXX_LIBRARY = "libc++";
				CLANG_ENABLE_MODULES = YES;
				CLANG_ENABLE_OBJC_ARC = YES;
				CLANG_ENABLE_OBJC_WEAK = YES;
				CLANG_WARN_BLOCK_CAPTURE_AUTORELEASING = YES;
				CLANG_WARN_BOOL_CONVERSION = YES;
				CLANG_WARN_COMMA = YES;
				CLANG_WARN_CONSTANT_CONVERSION = YES;
				CLANG_WARN_DEPRECATED_OBJC_IMPLEMENTATIONS = YES;
				CLANG_WARN_DIRECT_OBJC_ISA_USAGE = YES_ERROR;
				CLANG_WARN_DOCUMENTATION_COMMENTS = YES;
				CLANG_WARN_EMPTY_BODY = YES;
				CLANG_WARN_ENUM_CONVERSION = YES;
				CLANG_WARN_INFINITE_RECURSION = YES;
				CLANG_WARN_INT_CONVERSION = YES;
				CLANG_WARN_NON_LITERAL_NULL_CONVERSION = YES;
				CLANG_WARN_OBJC_IMPLICIT_RETAIN_SELF = YES;
				CLANG_WARN_OBJC_LITERAL_CONVERSION = YES;
				CLANG_WARN_OBJC_ROOT_CLASS = YES_ERROR;
				CLANG_WARN_RANGE_LOOP_ANALYSIS = YES;
				CLANG_WARN_STRICT_PROTOTYPES = YES;
				CLANG_WARN_SUSPICIOUS_MOVE = YES;
				CLANG_WARN_UNGUARDED_AVAILABILITY = YES_AGGRESSIVE;
				CLANG_WARN_UNREACHABLE_CODE = YES;
				CLANG_WARN__DUPLICATE_METHOD_MATCH = YES;
				CODE_SIGN_IDENTITY = "iPhone Developer";
				COPY_PHASE_STRIP = NO;
				CURRENT_PROJECT_VERSION = 1;
				DEBUG_INFORMATION_FORMAT = dwarf;
				ENABLE_STRICT_OBJC_MSGSEND = YES;
				ENABLE_TESTABILITY = YES;
				GCC_C_LANGUAGE_STANDARD = gnu11;
				GCC_DYNAMIC_NO_PIC = NO;
				GCC_NO_COMMON_BLOCKS = YES;
				GCC_OPTIMIZATION_LEVEL = 0;
				GCC_PREPROCESSOR_DEFINITIONS = (
					"DEBUG=1",
					"$(inherited)",
				);
				GCC_WARN_64_TO_32_BIT_CONVERSION = YES;
				GCC_WARN_ABOUT_RETURN_TYPE = YES_ERROR;
				GCC_WARN_UNDECLARED_SELECTOR = YES;
				GCC_WARN_UNINITIALIZED_AUTOS = YES_AGGRESSIVE;
				GCC_WARN_UNUSED_FUNCTION = YES;
				GCC_WARN_UNUSED_VARIABLE = YES;
				IPHONEOS_DEPLOYMENT_TARGET = 11.0;
				MTL_ENABLE_DEBUG_INFO = INCLUDE_SOURCE;
				MTL_FAST_MATH = YES;
				ONLY_ACTIVE_ARCH = YES;
				SDKROOT = iphoneos;
				SWIFT_ACTIVE_COMPILATION_CONDITIONS = DEBUG;
				SWIFT_OPTIMIZATION_LEVEL = "-Onone";
				VERSIONING_SYSTEM = "apple-generic";
				VERSION_INFO_PREFIX = "";
			};
			name = Debug;
		};
		FE6C9EF821DF01CE00401BE6 /* Release */ = {
			isa = XCBuildConfiguration;
			buildSettings = {
				ALWAYS_SEARCH_USER_PATHS = NO;
				CLANG_ANALYZER_NONNULL = YES;
				CLANG_ANALYZER_NUMBER_OBJECT_CONVERSION = YES_AGGRESSIVE;
				CLANG_CXX_LANGUAGE_STANDARD = "gnu++14";
				CLANG_CXX_LIBRARY = "libc++";
				CLANG_ENABLE_MODULES = YES;
				CLANG_ENABLE_OBJC_ARC = YES;
				CLANG_ENABLE_OBJC_WEAK = YES;
				CLANG_WARN_BLOCK_CAPTURE_AUTORELEASING = YES;
				CLANG_WARN_BOOL_CONVERSION = YES;
				CLANG_WARN_COMMA = YES;
				CLANG_WARN_CONSTANT_CONVERSION = YES;
				CLANG_WARN_DEPRECATED_OBJC_IMPLEMENTATIONS = YES;
				CLANG_WARN_DIRECT_OBJC_ISA_USAGE = YES_ERROR;
				CLANG_WARN_DOCUMENTATION_COMMENTS = YES;
				CLANG_WARN_EMPTY_BODY = YES;
				CLANG_WARN_ENUM_CONVERSION = YES;
				CLANG_WARN_INFINITE_RECURSION = YES;
				CLANG_WARN_INT_CONVERSION = YES;
				CLANG_WARN_NON_LITERAL_NULL_CONVERSION = YES;
				CLANG_WARN_OBJC_IMPLICIT_RETAIN_SELF = YES;
				CLANG_WARN_OBJC_LITERAL_CONVERSION = YES;
				CLANG_WARN_OBJC_ROOT_CLASS = YES_ERROR;
				CLANG_WARN_RANGE_LOOP_ANALYSIS = YES;
				CLANG_WARN_STRICT_PROTOTYPES = YES;
				CLANG_WARN_SUSPICIOUS_MOVE = YES;
				CLANG_WARN_UNGUARDED_AVAILABILITY = YES_AGGRESSIVE;
				CLANG_WARN_UNREACHABLE_CODE = YES;
				CLANG_WARN__DUPLICATE_METHOD_MATCH = YES;
				CODE_SIGN_IDENTITY = "iPhone Developer";
				COPY_PHASE_STRIP = NO;
				CURRENT_PROJECT_VERSION = 1;
				DEBUG_INFORMATION_FORMAT = "dwarf-with-dsym";
				ENABLE_NS_ASSERTIONS = NO;
				ENABLE_STRICT_OBJC_MSGSEND = YES;
				GCC_C_LANGUAGE_STANDARD = gnu11;
				GCC_NO_COMMON_BLOCKS = YES;
				GCC_WARN_64_TO_32_BIT_CONVERSION = YES;
				GCC_WARN_ABOUT_RETURN_TYPE = YES_ERROR;
				GCC_WARN_UNDECLARED_SELECTOR = YES;
				GCC_WARN_UNINITIALIZED_AUTOS = YES_AGGRESSIVE;
				GCC_WARN_UNUSED_FUNCTION = YES;
				GCC_WARN_UNUSED_VARIABLE = YES;
				IPHONEOS_DEPLOYMENT_TARGET = 11.0;
				MTL_ENABLE_DEBUG_INFO = NO;
				MTL_FAST_MATH = YES;
				SDKROOT = iphoneos;
				SWIFT_COMPILATION_MODE = wholemodule;
				SWIFT_OPTIMIZATION_LEVEL = "-O";
				VALIDATE_PRODUCT = YES;
				VERSIONING_SYSTEM = "apple-generic";
				VERSION_INFO_PREFIX = "";
			};
			name = Release;
		};
		FE6C9F8221DF413800401BE6 /* Debug */ = {
			isa = XCBuildConfiguration;
			buildSettings = {
				ALWAYS_EMBED_SWIFT_STANDARD_LIBRARIES = YES;
				CLANG_ENABLE_MODULES = YES;
				CODE_SIGN_IDENTITY = "iPhone Developer";
				CODE_SIGN_STYLE = Manual;
				DEFINES_MODULE = YES;
				DEVELOPMENT_TEAM = VTCW5H5N35;
				DYLIB_COMPATIBILITY_VERSION = 1;
				DYLIB_CURRENT_VERSION = 1;
				DYLIB_INSTALL_NAME_BASE = "@rpath";
				FRAMEWORK_SEARCH_PATHS = (
					"$(inherited)",
					"$(PROJECT_DIR)/PolarisFramework",
					"$(PROJECT_DIR)",
				);
				INFOPLIST_FILE = PolarisFramework/Info.plist;
				INSTALL_PATH = "$(LOCAL_LIBRARY_DIR)/Frameworks";
				LD_RUNPATH_SEARCH_PATHS = (
					"$(inherited)",
					"@executable_path/Frameworks",
					"@loader_path/Frameworks",
				);
				PRODUCT_BUNDLE_IDENTIFIER = overtheleaves.PolarisFramework;
				PRODUCT_NAME = "$(TARGET_NAME:c99extidentifier)";
				SKIP_INSTALL = YES;
				SWIFT_OPTIMIZATION_LEVEL = "-Onone";
				SWIFT_VERSION = 4.2;
				TARGETED_DEVICE_FAMILY = 1;
			};
			name = Debug;
		};
		FE6C9F8321DF413800401BE6 /* Release */ = {
			isa = XCBuildConfiguration;
			buildSettings = {
				ALWAYS_EMBED_SWIFT_STANDARD_LIBRARIES = YES;
				CLANG_ENABLE_MODULES = YES;
				CODE_SIGN_IDENTITY = "iPhone Distribution";
				CODE_SIGN_STYLE = Manual;
				DEFINES_MODULE = YES;
				DEVELOPMENT_TEAM = VTCW5H5N35;
				DYLIB_COMPATIBILITY_VERSION = 1;
				DYLIB_CURRENT_VERSION = 1;
				DYLIB_INSTALL_NAME_BASE = "@rpath";
				FRAMEWORK_SEARCH_PATHS = (
					"$(inherited)",
					"$(PROJECT_DIR)/PolarisFramework",
					"$(PROJECT_DIR)",
				);
				INFOPLIST_FILE = PolarisFramework/Info.plist;
				INSTALL_PATH = "$(LOCAL_LIBRARY_DIR)/Frameworks";
				LD_RUNPATH_SEARCH_PATHS = (
					"$(inherited)",
					"@executable_path/Frameworks",
					"@loader_path/Frameworks",
				);
				PRODUCT_BUNDLE_IDENTIFIER = overtheleaves.PolarisFramework;
				PRODUCT_NAME = "$(TARGET_NAME:c99extidentifier)";
				SKIP_INSTALL = YES;
				SWIFT_VERSION = 4.2;
				TARGETED_DEVICE_FAMILY = 1;
			};
			name = Release;
		};
		FE6C9F9521DF416F00401BE6 /* Debug */ = {
			isa = XCBuildConfiguration;
			buildSettings = {
				ALWAYS_EMBED_SWIFT_STANDARD_LIBRARIES = YES;
				CODE_SIGN_STYLE = Automatic;
				DEVELOPMENT_TEAM = VTCW5H5N35;
				FRAMEWORK_SEARCH_PATHS = (
					"$(inherited)",
					"$(PROJECT_DIR)/PolarisFramework",
				);
				INFOPLIST_FILE = PolarisFrameworkTests/Info.plist;
				LD_RUNPATH_SEARCH_PATHS = (
					"$(inherited)",
					"@executable_path/Frameworks",
					"@loader_path/Frameworks",
				);
				PRODUCT_BUNDLE_IDENTIFIER = overtheleaves.PolarisFrameworkTests;
				PRODUCT_NAME = "$(TARGET_NAME)";
				SWIFT_OBJC_BRIDGING_HEADER = "";
				SWIFT_VERSION = 4.2;
				TARGETED_DEVICE_FAMILY = "1,2";
			};
			name = Debug;
		};
		FE6C9F9621DF416F00401BE6 /* Release */ = {
			isa = XCBuildConfiguration;
			buildSettings = {
				ALWAYS_EMBED_SWIFT_STANDARD_LIBRARIES = YES;
				CODE_SIGN_STYLE = Automatic;
				DEVELOPMENT_TEAM = VTCW5H5N35;
				FRAMEWORK_SEARCH_PATHS = (
					"$(inherited)",
					"$(PROJECT_DIR)/PolarisFramework",
				);
				INFOPLIST_FILE = PolarisFrameworkTests/Info.plist;
				LD_RUNPATH_SEARCH_PATHS = (
					"$(inherited)",
					"@executable_path/Frameworks",
					"@loader_path/Frameworks",
				);
				PRODUCT_BUNDLE_IDENTIFIER = overtheleaves.PolarisFrameworkTests;
				PRODUCT_NAME = "$(TARGET_NAME)";
				SWIFT_OBJC_BRIDGING_HEADER = "";
				SWIFT_VERSION = 4.2;
				TARGETED_DEVICE_FAMILY = "1,2";
			};
			name = Release;
		};
/* End XCBuildConfiguration section */

/* Begin XCConfigurationList section */
		FE6C9EEB21DF01CE00401BE6 /* Build configuration list for PBXProject "PolarisFramework" */ = {
			isa = XCConfigurationList;
			buildConfigurations = (
				FE6C9EF721DF01CE00401BE6 /* Debug */,
				FE6C9EF821DF01CE00401BE6 /* Release */,
			);
			defaultConfigurationIsVisible = 0;
			defaultConfigurationName = Release;
		};
		FE6C9F8121DF413800401BE6 /* Build configuration list for PBXNativeTarget "PolarisFramework" */ = {
			isa = XCConfigurationList;
			buildConfigurations = (
				FE6C9F8221DF413800401BE6 /* Debug */,
				FE6C9F8321DF413800401BE6 /* Release */,
			);
			defaultConfigurationIsVisible = 0;
			defaultConfigurationName = Release;
		};
		FE6C9F9421DF416F00401BE6 /* Build configuration list for PBXNativeTarget "PolarisFrameworkTests" */ = {
			isa = XCConfigurationList;
			buildConfigurations = (
				FE6C9F9521DF416F00401BE6 /* Debug */,
				FE6C9F9621DF416F00401BE6 /* Release */,
			);
			defaultConfigurationIsVisible = 0;
			defaultConfigurationName = Release;
		};
/* End XCConfigurationList section */
	};
	rootObject = FE6C9EE821DF01CE00401BE6 /* Project object */;
}
